
Microsoft Visual Studio Solution File, Format Version 12.00
# Visual Studio Version 17
VisualStudioVersion = 17.14.36518.9 d17.14
MinimumVisualStudioVersion = 10.0.40219.1
Project("{FAE04EC0-301F-11D3-BF4B-00C04F79EFBC}") = "lapoindustries", "lapoindustries\lapoindustries.csproj", "{A9EE047C-D080-4DE2-913C-D924F465CA58}"
EndProject
Global
	GlobalSection(SolutionConfigurationPlatforms) = preSolution
		Debug|Any CPU = Debug|Any CPU
		Release|Any CPU = Release|Any CPU
	EndGlobalSection
	GlobalSection(ProjectConfigurationPlatforms) = postSolution
		{A9EE047C-D080-4DE2-913C-D924F465CA58}.Debug|Any CPU.ActiveCfg = Debug|Any CPU
		{A9EE047C-D080-4DE2-913C-D924F465CA58}.Debug|Any CPU.Build.0 = Debug|Any CPU
		{A9EE047C-D080-4DE2-913C-D924F465CA58}.Release|Any CPU.ActiveCfg = Release|Any CPU
		{A9EE047C-D080-4DE2-913C-D924F465CA58}.Release|Any CPU.Build.0 = Release|Any CPU
	EndGlobalSection
	GlobalSection(SolutionProperties) = preSolution
		HideSolutionNode = FALSE
	EndGlobalSection
	GlobalSection(ExtensibilityGlobals) = postSolution
		SolutionGuid = {405D3690-B928-40EC-897A-B38B1D5262C3}
	EndGlobalSection
EndGlobal
